
Microsoft Visual Studio Solution File, Format Version 12.00
# Visual Studio Version 16
VisualStudioVersion = 16.0.31112.23
MinimumVisualStudioVersion = 10.0.40219.1
Project("{8BC9CEB8-8B4A-11D0-8D11-00A0C91BC942}") = "final project vs project", "final project vs project.vcxproj", "{9A230255-95FD-4B50-843E-FB514F128471}"
EndProject
Global
	GlobalSection(SolutionConfigurationPlatforms) = preSolution
		Debug|x64 = Debug|x64
		Debug|x86 = Debug|x86
		Release|x64 = Release|x64
		Release|x86 = Release|x86
	EndGlobalSection
	GlobalSection(ProjectConfigurationPlatforms) = postSolution
		{9A230255-95FD-4B50-843E-FB514F128471}.Debug|x64.ActiveCfg = Debug|x64
		{9A230255-95FD-4B50-843E-FB514F128471}.Debug|x64.Build.0 = Debug|x64
		{9A230255-95FD-4B50-843E-FB514F128471}.Debug|x86.ActiveCfg = Debug|Win32
		{9A230255-95FD-4B50-843E-FB514F128471}.Debug|x86.Build.0 = Debug|Win32
		{9A230255-95FD-4B50-843E-FB514F128471}.Release|x64.ActiveCfg = Release|x64
		{9A230255-95FD-4B50-843E-FB514F128471}.Release|x64.Build.0 = Release|x64
		{9A230255-95FD-4B50-843E-FB514F128471}.Release|x86.ActiveCfg = Release|Win32
		{9A230255-95FD-4B50-843E-FB514F128471}.Release|x86.Build.0 = Release|Win32
	EndGlobalSection
	GlobalSection(SolutionProperties) = preSolution
		HideSolutionNode = FALSE
	EndGlobalSection
	GlobalSection(ExtensibilityGlobals) = postSolution
		SolutionGuid = {B2BA0583-6C3D-4165-9601-D3632061FA3D}
	EndGlobalSection
EndGlobal
